{
    "name": "tree-sitter-plato",
    "version": "0.19.5",
    "lockfileVersion": 3,
    "requires": true,
    "packages": {
        "": {
            "name": "tree-sitter-plato",
            "version": "0.19.5",
            "license": "MIT",
            "dependencies": {
                "nan": "^2.23.0"
            },
            "devDependencies": {
                "@tree-sitter-grammars/tree-sitter-yaml": "0.7.1",
                "prettier": "^3.6.2",
                "tree-sitter-bash": "0.25.1",
                "tree-sitter-cli": "0.25.8"
            }
        },
        "node_modules/@tree-sitter-grammars/tree-sitter-yaml": {
            "version": "0.7.1",
            "resolved": "https://registry.npmjs.org/@tree-sitter-grammars/tree-sitter-yaml/-/tree-sitter-yaml-0.7.1.tgz",
            "integrity": "sha512-AynBwkIoQCTgjDR33bDUp9Mqq+YTco0is3n5hRApMqG9of/6A4eQsfC1/uSEeHSUyMQSYawcAWamsexnVpIP4Q==",
            "dev": true,
            "hasInstallScript": true,
            "license": "MIT",
            "dependencies": {
                "node-addon-api": "^8.3.1",
                "node-gyp-build": "^4.8.4"
            },
            "peerDependencies": {
                "tree-sitter": "^0.22.4"
            },
            "peerDependenciesMeta": {
                "tree-sitter": {
                    "optional": true
                }
            }
        },
        "node_modules/nan": {
            "version": "2.23.0",
            "resolved": "https://registry.npmjs.org/nan/-/nan-2.23.0.tgz",
            "integrity": "sha512-1UxuyYGdoQHcGg87Lkqm3FzefucTa0NAiOcuRsDmysep3c1LVCRK2krrUDafMWtjSG04htvAmvg96+SDknOmgQ==",
            "license": "MIT"
        },
        "node_modules/node-addon-api": {
            "version": "8.9.2",
            "resolved": "https://registry.npmjs.org/node-addon-api/-/node-addon-api-8.9.2.tgz",
            "integrity": "sha512-VijLXbi3UACN69I0JVXJsX4tjACjNoQDgv2gTF6sx2wWEi8tkSg2eX8p5gSIFi8z2+DL3oHmY6OyKce38SDolg==",
            "dev": true,
            "license": "MIT",
            "engines": {
                "node": "^18 || ^20 || >= 21"
            }
        },
        "node_modules/node-gyp-build": {
            "version": "4.8.4",
            "resolved": "https://registry.npmjs.org/node-gyp-build/-/node-gyp-build-4.8.4.tgz",
            "integrity": "sha512-LA4ZjwlnUblHVgq0oBF3Jl/6h/Nvs5fzBLwdEF4nuxnFdsfajde4WfxtJr3CaiH+F6ewcIB/q4jQ4UzPyid+CQ==",
            "dev": true,
            "license": "MIT",
            "bin": {
                "node-gyp-build": "bin.js",
                "node-gyp-build-optional": "optional.js",
                "node-gyp-build-test": "build-test.js"
            }
        },
        "node_modules/prettier": {
            "version": "3.6.2",
            "resolved": "https://registry.npmjs.org/prettier/-/prettier-3.6.2.tgz",
            "integrity": "sha512-I7AIg5boAr5R0FFtJ6rCfD+LFsWHp81dolrFD8S79U9tb8Az2nGrJncnMSnys+bpQJfRUzqs9hnA81OAA3hCuQ==",
            "dev": true,
            "license": "MIT",
            "bin": {
                "prettier": "bin/prettier.cjs"
            },
            "engines": {
                "node": ">=14"
            },
            "funding": {
                "url": "https://github.com/prettier/prettier?sponsor=1"
            }
        },
        "node_modules/tree-sitter-bash": {
            "version": "0.25.1",
            "resolved": "https://registry.npmjs.org/tree-sitter-bash/-/tree-sitter-bash-0.25.1.tgz",
            "integrity": "sha512-7hMytuYIMoXOq24yRulgIxthE9YmggZIOHCyPTTuJcu6EU54tYD+4G39cUb28kxC6jMf/AbPfWGLQtgPTdh3xw==",
            "dev": true,
            "hasInstallScript": true,
            "license": "MIT",
            "dependencies": {
                "node-addon-api": "^8.2.1",
                "node-gyp-build": "^4.8.2"
            },
            "peerDependencies": {
                "tree-sitter": "^0.25.0"
            },
            "peerDependenciesMeta": {
                "tree-sitter": {
                    "optional": true
                }
            }
        },
        "node_modules/tree-sitter-cli": {
            "version": "0.25.8",
            "resolved": "https://registry.npmjs.org/tree-sitter-cli/-/tree-sitter-cli-0.25.8.tgz",
            "integrity": "sha512-avR7qo4qT+dNv2jj4M2e79vfc2etbWK6/umWcRsnEX1LTRhUL6p5AgGe6dP7+cV/RYFFk/VBz1rJuVCk+w5H2A==",
            "dev": true,
            "hasInstallScript": true,
            "license": "MIT",
            "bin": {
                "tree-sitter": "cli.js"
            },
            "engines": {
                "node": ">=12.0.0"
            }
        }
    }
}
